
Microsoft Visual Studio Solution File, Format Version 12.00
# Visual Studio Version 17
VisualStudioVersion = 17.7.34024.191
MinimumVisualStudioVersion = 10.0.40219.1
Project("{9A19103F-16F7-4668-BE54-9A1E7A4F7556}") = "mmmcspl.buslogic", "mmmcspl\mmmcspl.buslogic.csproj", "{30920002-D90A-4734-A22C-E4AC0A2F88A0}"
EndProject
Project("{FAE04EC0-301F-11D3-BF4B-00C04F79EFBC}") = "ConsoleApp1", "ConsoleApp1\ConsoleApp1.csproj", "{BFB332CE-03C2-4C5D-B0CE-F21209F1EBED}"
EndProject
Global
	GlobalSection(SolutionConfigurationPlatforms) = preSolution
		Debug|Any CPU = Debug|Any CPU
		Release|Any CPU = Release|Any CPU
	EndGlobalSection
	GlobalSection(ProjectConfigurationPlatforms) = postSolution
		{30920002-D90A-4734-A22C-E4AC0A2F88A0}.Debug|Any CPU.ActiveCfg = Debug|Any CPU
		{30920002-D90A-4734-A22C-E4AC0A2F88A0}.Debug|Any CPU.Build.0 = Debug|Any CPU
		{30920002-D90A-4734-A22C-E4AC0A2F88A0}.Release|Any CPU.ActiveCfg = Release|Any CPU
		{30920002-D90A-4734-A22C-E4AC0A2F88A0}.Release|Any CPU.Build.0 = Release|Any CPU
		{BFB332CE-03C2-4C5D-B0CE-F21209F1EBED}.Debug|Any CPU.ActiveCfg = Debug|Any CPU
		{BFB332CE-03C2-4C5D-B0CE-F21209F1EBED}.Debug|Any CPU.Build.0 = Debug|Any CPU
		{BFB332CE-03C2-4C5D-B0CE-F21209F1EBED}.Release|Any CPU.ActiveCfg = Release|Any CPU
		{BFB332CE-03C2-4C5D-B0CE-F21209F1EBED}.Release|Any CPU.Build.0 = Release|Any CPU
	EndGlobalSection
	GlobalSection(SolutionProperties) = preSolution
		HideSolutionNode = FALSE
	EndGlobalSection
	GlobalSection(ExtensibilityGlobals) = postSolution
		SolutionGuid = {79ADCBA2-C15D-441E-B065-635E164EFA3A}
	EndGlobalSection
EndGlobal
